
Microsoft Visual Studio Solution File, Format Version 12.00
# Visual Studio Version 17
VisualStudioVersion = 17.1.32328.378
MinimumVisualStudioVersion = 10.0.40219.1
Project("{FAE04EC0-301F-11D3-BF4B-00C04F79EFBC}") = "Books.Android", "Books\Books.Android\Books.Android.csproj", "{757D6F48-8A76-4413-AA2F-354F22150F47}"
EndProject
Project("{FAE04EC0-301F-11D3-BF4B-00C04F79EFBC}") = "Books.iOS", "Books\Books.iOS\Books.iOS.csproj", "{141C8C26-C59E-4ED1-9147-7FAE60CE3F28}"
EndProject
Project("{9A19103F-16F7-4668-BE54-9A1E7A4F7556}") = "Books", "Books\Books\Books.csproj", "{9AF9F021-D819-40EC-AF61-11FE0359D0FD}"
EndProject
Project("{9A19103F-16F7-4668-BE54-9A1E7A4F7556}") = "Books.Core", "Book.Core\Books.Core.csproj", "{49532319-B119-4024-81F4-33E1A86BF21A}"
EndProject
Project("{9A19103F-16F7-4668-BE54-9A1E7A4F7556}") = "Books.Data", "Books.Data\Books.Data.csproj", "{BE4BC5D6-884C-4D57-B5DC-313CCE8B89CA}"
EndProject
Project("{9A19103F-16F7-4668-BE54-9A1E7A4F7556}") = "Books.Services", "Books.Services\Books.Services.csproj", "{1730C894-7D60-4520-808D-86EF2061AB21}"
EndProject
Project("{2150E333-8FDC-42A3-9474-1A3956D46DE8}") = "Solution Items", "Solution Items", "{16021F93-1AA7-41AA-9A7B-1F65CE85CE8E}"
	ProjectSection(SolutionItems) = preProject
		.editorconfig = .editorconfig
	EndProjectSection
EndProject
Global
	GlobalSection(SolutionConfigurationPlatforms) = preSolution
		Debug|Any CPU = Debug|Any CPU
		Debug|iPhone = Debug|iPhone
		Debug|iPhoneSimulator = Debug|iPhoneSimulator
		Release|Any CPU = Release|Any CPU
		Release|iPhone = Release|iPhone
		Release|iPhoneSimulator = Release|iPhoneSimulator
	EndGlobalSection
	GlobalSection(ProjectConfigurationPlatforms) = postSolution
		{757D6F48-8A76-4413-AA2F-354F22150F47}.Debug|Any CPU.ActiveCfg = Debug|Any CPU
		{757D6F48-8A76-4413-AA2F-354F22150F47}.Debug|Any CPU.Build.0 = Debug|Any CPU
		{757D6F48-8A76-4413-AA2F-354F22150F47}.Debug|Any CPU.Deploy.0 = Debug|Any CPU
		{757D6F48-8A76-4413-AA2F-354F22150F47}.Debug|iPhone.ActiveCfg = Debug|Any CPU
		{757D6F48-8A76-4413-AA2F-354F22150F47}.Debug|iPhone.Build.0 = Debug|Any CPU
		{757D6F48-8A76-4413-AA2F-354F22150F47}.Debug|iPhone.Deploy.0 = Debug|Any CPU
		{757D6F48-8A76-4413-AA2F-354F22150F47}.Debug|iPhoneSimulator.ActiveCfg = Debug|Any CPU
		{757D6F48-8A76-4413-AA2F-354F22150F47}.Debug|iPhoneSimulator.Build.0 = Debug|Any CPU
		{757D6F48-8A76-4413-AA2F-354F22150F47}.Debug|iPhoneSimulator.Deploy.0 = Debug|Any CPU
		{757D6F48-8A76-4413-AA2F-354F22150F47}.Release|Any CPU.ActiveCfg = Release|Any CPU
		{757D6F48-8A76-4413-AA2F-354F22150F47}.Release|Any CPU.Build.0 = Release|Any CPU
		{757D6F48-8A76-4413-AA2F-354F22150F47}.Release|Any CPU.Deploy.0 = Release|Any CPU
		{757D6F48-8A76-4413-AA2F-354F22150F47}.Release|iPhone.ActiveCfg = Release|Any CPU
		{757D6F48-8A76-4413-AA2F-354F22150F47}.Release|iPhone.Build.0 = Release|Any CPU
		{757D6F48-8A76-4413-AA2F-354F22150F47}.Release|iPhone.Deploy.0 = Release|Any CPU
		{757D6F48-8A76-4413-AA2F-354F22150F47}.Release|iPhoneSimulator.ActiveCfg = Release|Any CPU
		{757D6F48-8A76-4413-AA2F-354F22150F47}.Release|iPhoneSimulator.Build.0 = Release|Any CPU
		{757D6F48-8A76-4413-AA2F-354F22150F47}.Release|iPhoneSimulator.Deploy.0 = Release|Any CPU
		{141C8C26-C59E-4ED1-9147-7FAE60CE3F28}.Debug|Any CPU.ActiveCfg = Debug|iPhone
		{141C8C26-C59E-4ED1-9147-7FAE60CE3F28}.Debug|Any CPU.Build.0 = Debug|iPhone
		{141C8C26-C59E-4ED1-9147-7FAE60CE3F28}.Debug|Any CPU.Deploy.0 = Debug|iPhone
		{141C8C26-C59E-4ED1-9147-7FAE60CE3F28}.Debug|iPhone.ActiveCfg = Debug|iPhone
		{141C8C26-C59E-4ED1-9147-7FAE60CE3F28}.Debug|iPhone.Build.0 = Debug|iPhone
		{141C8C26-C59E-4ED1-9147-7FAE60CE3F28}.Debug|iPhone.Deploy.0 = Debug|iPhone
		{141C8C26-C59E-4ED1-9147-7FAE60CE3F28}.Debug|iPhoneSimulator.ActiveCfg = Debug|iPhoneSimulator
		{141C8C26-C59E-4ED1-9147-7FAE60CE3F28}.Debug|iPhoneSimulator.Build.0 = Debug|iPhoneSimulator
		{141C8C26-C59E-4ED1-9147-7FAE60CE3F28}.Debug|iPhoneSimulator.Deploy.0 = Debug|iPhoneSimulator
		{141C8C26-C59E-4ED1-9147-7FAE60CE3F28}.Release|Any CPU.ActiveCfg = Release|iPhoneSimulator
		{141C8C26-C59E-4ED1-9147-7FAE60CE3F28}.Release|Any CPU.Build.0 = Release|iPhoneSimulator
		{141C8C26-C59E-4ED1-9147-7FAE60CE3F28}.Release|Any CPU.Deploy.0 = Release|iPhoneSimulator
		{141C8C26-C59E-4ED1-9147-7FAE60CE3F28}.Release|iPhone.ActiveCfg = Release|iPhone
		{141C8C26-C59E-4ED1-9147-7FAE60CE3F28}.Release|iPhone.Build.0 = Release|iPhone
		{141C8C26-C59E-4ED1-9147-7FAE60CE3F28}.Release|iPhone.Deploy.0 = Release|iPhone
		{141C8C26-C59E-4ED1-9147-7FAE60CE3F28}.Release|iPhoneSimulator.ActiveCfg = Release|iPhoneSimulator
		{141C8C26-C59E-4ED1-9147-7FAE60CE3F28}.Release|iPhoneSimulator.Build.0 = Release|iPhoneSimulator
		{141C8C26-C59E-4ED1-9147-7FAE60CE3F28}.Release|iPhoneSimulator.Deploy.0 = Release|iPhoneSimulator
		{9AF9F021-D819-40EC-AF61-11FE0359D0FD}.Debug|Any CPU.ActiveCfg = Debug|Any CPU
		{9AF9F021-D819-40EC-AF61-11FE0359D0FD}.Debug|Any CPU.Build.0 = Debug|Any CPU
		{9AF9F021-D819-40EC-AF61-11FE0359D0FD}.Debug|Any CPU.Deploy.0 = Debug|Any CPU
		{9AF9F021-D819-40EC-AF61-11FE0359D0FD}.Debug|iPhone.ActiveCfg = Debug|Any CPU
		{9AF9F021-D819-40EC-AF61-11FE0359D0FD}.Debug|iPhone.Build.0 = Debug|Any CPU
		{9AF9F021-D819-40EC-AF61-11FE0359D0FD}.Debug|iPhone.Deploy.0 = Debug|Any CPU
		{9AF9F021-D819-40EC-AF61-11FE0359D0FD}.Debug|iPhoneSimulator.ActiveCfg = Debug|Any CPU
		{9AF9F021-D819-40EC-AF61-11FE0359D0FD}.Debug|iPhoneSimulator.Build.0 = Debug|Any CPU
		{9AF9F021-D819-40EC-AF61-11FE0359D0FD}.Debug|iPhoneSimulator.Deploy.0 = Debug|Any CPU
		{9AF9F021-D819-40EC-AF61-11FE0359D0FD}.Release|Any CPU.ActiveCfg = Release|Any CPU
		{9AF9F021-D819-40EC-AF61-11FE0359D0FD}.Release|Any CPU.Build.0 = Release|Any CPU
		{9AF9F021-D819-40EC-AF61-11FE0359D0FD}.Release|Any CPU.Deploy.0 = Release|Any CPU
		{9AF9F021-D819-40EC-AF61-11FE0359D0FD}.Release|iPhone.ActiveCfg = Release|Any CPU
		{9AF9F021-D819-40EC-AF61-11FE0359D0FD}.Release|iPhone.Build.0 = Release|Any CPU
		{9AF9F021-D819-40EC-AF61-11FE0359D0FD}.Release|iPhone.Deploy.0 = Release|Any CPU
		{9AF9F021-D819-40EC-AF61-11FE0359D0FD}.Release|iPhoneSimulator.ActiveCfg = Release|Any CPU
		{9AF9F021-D819-40EC-AF61-11FE0359D0FD}.Release|iPhoneSimulator.Build.0 = Release|Any CPU
		{9AF9F021-D819-40EC-AF61-11FE0359D0FD}.Release|iPhoneSimulator.Deploy.0 = Release|Any CPU
		{49532319-B119-4024-81F4-33E1A86BF21A}.Debug|Any CPU.ActiveCfg = Debug|Any CPU
		{49532319-B119-4024-81F4-33E1A86BF21A}.Debug|Any CPU.Build.0 = Debug|Any CPU
		{49532319-B119-4024-81F4-33E1A86BF21A}.Debug|iPhone.ActiveCfg = Debug|Any CPU
		{49532319-B119-4024-81F4-33E1A86BF21A}.Debug|iPhone.Build.0 = Debug|Any CPU
		{49532319-B119-4024-81F4-33E1A86BF21A}.Debug|iPhoneSimulator.ActiveCfg = Debug|Any CPU
		{49532319-B119-4024-81F4-33E1A86BF21A}.Debug|iPhoneSimulator.Build.0 = Debug|Any CPU
		{49532319-B119-4024-81F4-33E1A86BF21A}.Release|Any CPU.ActiveCfg = Release|Any CPU
		{49532319-B119-4024-81F4-33E1A86BF21A}.Release|Any CPU.Build.0 = Release|Any CPU
		{49532319-B119-4024-81F4-33E1A86BF21A}.Release|iPhone.ActiveCfg = Release|Any CPU
		{49532319-B119-4024-81F4-33E1A86BF21A}.Release|iPhone.Build.0 = Release|Any CPU
		{49532319-B119-4024-81F4-33E1A86BF21A}.Release|iPhoneSimulator.ActiveCfg = Release|Any CPU
		{49532319-B119-4024-81F4-33E1A86BF21A}.Release|iPhoneSimulator.Build.0 = Release|Any CPU
		{BE4BC5D6-884C-4D57-B5DC-313CCE8B89CA}.Debug|Any CPU.ActiveCfg = Debug|Any CPU
		{BE4BC5D6-884C-4D57-B5DC-313CCE8B89CA}.Debug|Any CPU.Build.0 = Debug|Any CPU
		{BE4BC5D6-884C-4D57-B5DC-313CCE8B89CA}.Debug|iPhone.ActiveCfg = Debug|Any CPU
		{BE4BC5D6-884C-4D57-B5DC-313CCE8B89CA}.Debug|iPhone.Build.0 = Debug|Any CPU
		{BE4BC5D6-884C-4D57-B5DC-313CCE8B89CA}.Debug|iPhoneSimulator.ActiveCfg = Debug|Any CPU
		{BE4BC5D6-884C-4D57-B5DC-313CCE8B89CA}.Debug|iPhoneSimulator.Build.0 = Debug|Any CPU
		{BE4BC5D6-884C-4D57-B5DC-313CCE8B89CA}.Release|Any CPU.ActiveCfg = Release|Any CPU
		{BE4BC5D6-884C-4D57-B5DC-313CCE8B89CA}.Release|Any CPU.Build.0 = Release|Any CPU
		{BE4BC5D6-884C-4D57-B5DC-313CCE8B89CA}.Release|iPhone.ActiveCfg = Release|Any CPU
		{BE4BC5D6-884C-4D57-B5DC-313CCE8B89CA}.Release|iPhone.Build.0 = Release|Any CPU
		{BE4BC5D6-884C-4D57-B5DC-313CCE8B89CA}.Release|iPhoneSimulator.ActiveCfg = Release|Any CPU
		{BE4BC5D6-884C-4D57-B5DC-313CCE8B89CA}.Release|iPhoneSimulator.Build.0 = Release|Any CPU
		{1730C894-7D60-4520-808D-86EF2061AB21}.Debug|Any CPU.ActiveCfg = Debug|Any CPU
		{1730C894-7D60-4520-808D-86EF2061AB21}.Debug|Any CPU.Build.0 = Debug|Any CPU
		{1730C894-7D60-4520-808D-86EF2061AB21}.Debug|iPhone.ActiveCfg = Debug|Any CPU
		{1730C894-7D60-4520-808D-86EF2061AB21}.Debug|iPhone.Build.0 = Debug|Any CPU
		{1730C894-7D60-4520-808D-86EF2061AB21}.Debug|iPhoneSimulator.ActiveCfg = Debug|Any CPU
		{1730C894-7D60-4520-808D-86EF2061AB21}.Debug|iPhoneSimulator.Build.0 = Debug|Any CPU
		{1730C894-7D60-4520-808D-86EF2061AB21}.Release|Any CPU.ActiveCfg = Release|Any CPU
		{1730C894-7D60-4520-808D-86EF2061AB21}.Release|Any CPU.Build.0 = Release|Any CPU
		{1730C894-7D60-4520-808D-86EF2061AB21}.Release|iPhone.ActiveCfg = Release|Any CPU
		{1730C894-7D60-4520-808D-86EF2061AB21}.Release|iPhone.Build.0 = Release|Any CPU
		{1730C894-7D60-4520-808D-86EF2061AB21}.Release|iPhoneSimulator.ActiveCfg = Release|Any CPU
		{1730C894-7D60-4520-808D-86EF2061AB21}.Release|iPhoneSimulator.Build.0 = Release|Any CPU
	EndGlobalSection
	GlobalSection(SolutionProperties) = preSolution
		HideSolutionNode = FALSE
	EndGlobalSection
	GlobalSection(ExtensibilityGlobals) = postSolution
		SolutionGuid = {834808F9-FCA0-482E-83FF-837EFAB651E4}
	EndGlobalSection
EndGlobal
